
Microsoft Visual Studio Solution File, Format Version 12.00
# Visual Studio Version 17
VisualStudioVersion = 17.14.36203.30 d17.14
MinimumVisualStudioVersion = 10.0.40219.1
Project("{FAE04EC0-301F-11D3-BF4B-00C04F79EFBC}") = "DesafioPicPay", "DesafioPicPay\DesafioPicPay.csproj", "{9B981B03-9855-4419-8BDF-853410EEFE33}"
EndProject
Global
	GlobalSection(SolutionConfigurationPlatforms) = preSolution
		Debug|Any CPU = Debug|Any CPU
		Release|Any CPU = Release|Any CPU
	EndGlobalSection
	GlobalSection(ProjectConfigurationPlatforms) = postSolution
		{9B981B03-9855-4419-8BDF-853410EEFE33}.Debug|Any CPU.ActiveCfg = Debug|Any CPU
		{9B981B03-9855-4419-8BDF-853410EEFE33}.Debug|Any CPU.Build.0 = Debug|Any CPU
		{9B981B03-9855-4419-8BDF-853410EEFE33}.Release|Any CPU.ActiveCfg = Release|Any CPU
		{9B981B03-9855-4419-8BDF-853410EEFE33}.Release|Any CPU.Build.0 = Release|Any CPU
	EndGlobalSection
	GlobalSection(SolutionProperties) = preSolution
		HideSolutionNode = FALSE
	EndGlobalSection
	GlobalSection(ExtensibilityGlobals) = postSolution
		SolutionGuid = {B2D74CB1-6153-4FE9-9DE3-1CC32A1D93F9}
	EndGlobalSection
EndGlobal
